// !$*UTF8*$!
{
	archiveVersion = 1;
	classes = {
	};
	objectVersion = 55;
	objects = {

/* Begin PBXBuildFile section */
		A480EC1E293DDC7800BBFADC /* SDWebImageSwiftUI in Frameworks */ = {isa = PBXBuildFile; productRef = A480EC1D293DDC7800BBFADC /* SDWebImageSwiftUI */; };
		A480EC21293DDCA800BBFADC /* Alamofire in Frameworks */ = {isa = PBXBuildFile; productRef = A480EC20293DDCA800BBFADC /* Alamofire */; };
		A480EC23293DE86300BBFADC /* RatingView.swift in Sources */ = {isa = PBXBuildFile; fileRef = A480EC22293DE86300BBFADC /* RatingView.swift */; };
		CE7073C9293CC13E008BE526 /* MoviesSwiftUITaskApp.swift in Sources */ = {isa = PBXBuildFile; fileRef = CE7073C8293CC13E008BE526 /* MoviesSwiftUITaskApp.swift */; };
		CE7073CB293CC13E008BE526 /* ContentView.swift in Sources */ = {isa = PBXBuildFile; fileRef = CE7073CA293CC13E008BE526 /* ContentView.swift */; };
		CE7073CD293CC141008BE526 /* Assets.xcassets in Resources */ = {isa = PBXBuildFile; fileRef = CE7073CC293CC141008BE526 /* Assets.xcassets */; };
		CE7073D0293CC141008BE526 /* Preview Assets.xcassets in Resources */ = {isa = PBXBuildFile; fileRef = CE7073CF293CC141008BE526 /* Preview Assets.xcassets */; };
		CE7073D7293CC1C1008BE526 /* Constants.swift in Sources */ = {isa = PBXBuildFile; fileRef = CE7073D6293CC1C1008BE526 /* Constants.swift */; };
		CE7073D9293D0819008BE526 /* APIClient.swift in Sources */ = {isa = PBXBuildFile; fileRef = CE7073D8293D0819008BE526 /* APIClient.swift */; };
		CE7073DE293D0C88008BE526 /* MoviesModel.swift in Sources */ = {isa = PBXBuildFile; fileRef = CE7073DD293D0C88008BE526 /* MoviesModel.swift */; };
		CE7073E0293D1010008BE526 /* MoviesObserver.swift in Sources */ = {isa = PBXBuildFile; fileRef = CE7073DF293D1010008BE526 /* MoviesObserver.swift */; };
		CE7073E2293D3261008BE526 /* MoviesDetailsView.swift in Sources */ = {isa = PBXBuildFile; fileRef = CE7073E1293D3261008BE526 /* MoviesDetailsView.swift */; };
		CE7073E4293D3346008BE526 /* MovieRowView.swift in Sources */ = {isa = PBXBuildFile; fileRef = CE7073E3293D3346008BE526 /* MovieRowView.swift */; };
/* End PBXBuildFile section */

/* Begin PBXFileReference section */
		A480EC22293DE86300BBFADC /* RatingView.swift */ = {isa = PBXFileReference; lastKnownFileType = sourcecode.swift; path = RatingView.swift; sourceTree = "<group>"; };
		CE7073C5293CC13E008BE526 /* MoviesSwiftUITask.app */ = {isa = PBXFileReference; explicitFileType = wrapper.application; includeInIndex = 0; path = MoviesSwiftUITask.app; sourceTree = BUILT_PRODUCTS_DIR; };
		CE7073C8293CC13E008BE526 /* MoviesSwiftUITaskApp.swift */ = {isa = PBXFileReference; lastKnownFileType = sourcecode.swift; path = MoviesSwiftUITaskApp.swift; sourceTree = "<group>"; };
		CE7073CA293CC13E008BE526 /* ContentView.swift */ = {isa = PBXFileReference; lastKnownFileType = sourcecode.swift; path = ContentView.swift; sourceTree = "<group>"; };
		CE7073CC293CC141008BE526 /* Assets.xcassets */ = {isa = PBXFileReference; lastKnownFileType = folder.assetcatalog; path = Assets.xcassets; sourceTree = "<group>"; };
		CE7073CF293CC141008BE526 /* Preview Assets.xcassets */ = {isa = PBXFileReference; lastKnownFileType = folder.assetcatalog; path = "Preview Assets.xcassets"; sourceTree = "<group>"; };
		CE7073D6293CC1C1008BE526 /* Constants.swift */ = {isa = PBXFileReference; lastKnownFileType = sourcecode.swift; path = Constants.swift; sourceTree = "<group>"; };
		CE7073D8293D0819008BE526 /* APIClient.swift */ = {isa = PBXFileReference; lastKnownFileType = sourcecode.swift; path = APIClient.swift; sourceTree = "<group>"; };
		CE7073DD293D0C88008BE526 /* MoviesModel.swift */ = {isa = PBXFileReference; lastKnownFileType = sourcecode.swift; path = MoviesModel.swift; sourceTree = "<group>"; };
		CE7073DF293D1010008BE526 /* MoviesObserver.swift */ = {isa = PBXFileReference; lastKnownFileType = sourcecode.swift; path = MoviesObserver.swift; sourceTree = "<group>"; };
		CE7073E1293D3261008BE526 /* MoviesDetailsView.swift */ = {isa = PBXFileReference; lastKnownFileType = sourcecode.swift; path = MoviesDetailsView.swift; sourceTree = "<group>"; };
		CE7073E3293D3346008BE526 /* MovieRowView.swift */ = {isa = PBXFileReference; lastKnownFileType = sourcecode.swift; path = MovieRowView.swift; sourceTree = "<group>"; };
/* End PBXFileReference section */

/* Begin PBXFrameworksBuildPhase section */
		CE7073C2293CC13E008BE526 /* Frameworks */ = {
			isa = PBXFrameworksBuildPhase;
			buildActionMask = 2147483647;
			files = (
				A480EC1E293DDC7800BBFADC /* SDWebImageSwiftUI in Frameworks */,
				A480EC21293DDCA800BBFADC /* Alamofire in Frameworks */,
			);
			runOnlyForDeploymentPostprocessing = 0;
		};
/* End PBXFrameworksBuildPhase section */

/* Begin PBXGroup section */
		CE7073BC293CC13E008BE526 = {
			isa = PBXGroup;
			children = (
				CE7073C7293CC13E008BE526 /* MoviesSwiftUITask */,
				CE7073C6293CC13E008BE526 /* Products */,
			);
			sourceTree = "<group>";
		};
		CE7073C6293CC13E008BE526 /* Products */ = {
			isa = PBXGroup;
			children = (
				CE7073C5293CC13E008BE526 /* MoviesSwiftUITask.app */,
			);
			name = Products;
			sourceTree = "<group>";
		};
		CE7073C7293CC13E008BE526 /* MoviesSwiftUITask */ = {
			isa = PBXGroup;
			children = (
				CE7073D6293CC1C1008BE526 /* Constants.swift */,
				CE7073DD293D0C88008BE526 /* MoviesModel.swift */,
				CE7073DF293D1010008BE526 /* MoviesObserver.swift */,
				CE7073D8293D0819008BE526 /* APIClient.swift */,
				CE7073E1293D3261008BE526 /* MoviesDetailsView.swift */,
				CE7073E3293D3346008BE526 /* MovieRowView.swift */,
				A480EC22293DE86300BBFADC /* RatingView.swift */,
				CE7073C8293CC13E008BE526 /* MoviesSwiftUITaskApp.swift */,
				CE7073CA293CC13E008BE526 /* ContentView.swift */,
				CE7073CC293CC141008BE526 /* Assets.xcassets */,
				CE7073CE293CC141008BE526 /* Preview Content */,
			);
			path = MoviesSwiftUITask;
			sourceTree = "<group>";
		};
		CE7073CE293CC141008BE526 /* Preview Content */ = {
			isa = PBXGroup;
			children = (
				CE7073CF293CC141008BE526 /* Preview Assets.xcassets */,
			);
			path = "Preview Content";
			sourceTree = "<group>";
		};
/* End PBXGroup section */

/* Begin PBXNativeTarget section */
		CE7073C4293CC13E008BE526 /* MoviesSwiftUITask */ = {
			isa = PBXNativeTarget;
			buildConfigurationList = CE7073D3293CC141008BE526 /* Build configuration list for PBXNativeTarget "MoviesSwiftUITask" */;
			buildPhases = (
				CE7073C1293CC13E008BE526 /* Sources */,
				CE7073C2293CC13E008BE526 /* Frameworks */,
				CE7073C3293CC13E008BE526 /* Resources */,
			);
			buildRules = (
			);
			dependencies = (
			);
			name = MoviesSwiftUITask;
			packageProductDependencies = (
				A480EC1D293DDC7800BBFADC /* SDWebImageSwiftUI */,
				A480EC20293DDCA800BBFADC /* Alamofire */,
			);
			productName = MoviesSwiftUITask;
			productReference = CE7073C5293CC13E008BE526 /* MoviesSwiftUITask.app */;
			productType = "com.apple.product-type.application";
		};
/* End PBXNativeTarget section */

/* Begin PBXProject section */
		CE7073BD293CC13E008BE526 /* Project object */ = {
			isa = PBXProject;
			attributes = {
				BuildIndependentTargetsInParallel = 1;
				LastSwiftUpdateCheck = 1340;
				LastUpgradeCheck = 1340;
				TargetAttributes = {
					CE7073C4293CC13E008BE526 = {
						CreatedOnToolsVersion = 13.4;
					};
				};
			};
			buildConfigurationList = CE7073C0293CC13E008BE526 /* Build configuration list for PBXProject "MoviesSwiftUITask" */;
			compatibilityVersion = "Xcode 13.0";
			developmentRegion = en;
			hasScannedForEncodings = 0;
			knownRegions = (
				en,
				Base,
			);
			mainGroup = CE7073BC293CC13E008BE526;
			packageReferences = (
				A480EC1C293DDC7800BBFADC /* XCRemoteSwiftPackageReference "SDWebImageSwiftUI" */,
				A480EC1F293DDCA800BBFADC /* XCRemoteSwiftPackageReference "Alamofire" */,
			);
			productRefGroup = CE7073C6293CC13E008BE526 /* Products */;
			projectDirPath = "";
			projectRoot = "";
			targets = (
				CE7073C4293CC13E008BE526 /* MoviesSwiftUITask */,
			);
		};
/* End PBXProject section */

/* Begin PBXResourcesBuildPhase section */
		CE7073C3293CC13E008BE526 /* Resources */ = {
			isa = PBXResourcesBuildPhase;
			buildActionMask = 2147483647;
			files = (
				CE7073D0293CC141008BE526 /* Preview Assets.xcassets in Resources */,
				CE7073CD293CC141008BE526 /* Assets.xcassets in Resources */,
			);
			runOnlyForDeploymentPostprocessing = 0;
		};
/* End PBXResourcesBuildPhase section */

/* Begin PBXSourcesBuildPhase section */
		CE7073C1293CC13E008BE526 /* Sources */ = {
			isa = PBXSourcesBuildPhase;
			buildActionMask = 2147483647;
			files = (
				CE7073E4293D3346008BE526 /* MovieRowView.swift in Sources */,
				CE7073CB293CC13E008BE526 /* ContentView.swift in Sources */,
				CE7073C9293CC13E008BE526 /* MoviesSwiftUITaskApp.swift in Sources */,
				A480EC23293DE86300BBFADC /* RatingView.swift in Sources */,
				CE7073E0293D1010008BE526 /* MoviesObserver.swift in Sources */,
				CE7073DE293D0C88008BE526 /* MoviesModel.swift in Sources */,
				CE7073D7293CC1C1008BE526 /* Constants.swift in Sources */,
				CE7073E2293D3261008BE526 /* MoviesDetailsView.swift in Sources */,
				CE7073D9293D0819008BE526 /* APIClient.swift in Sources */,
			);
			runOnlyForDeploymentPostprocessing = 0;
		};
/* End PBXSourcesBuildPhase section */

/* Begin XCBuildConfiguration section */
		CE7073D1293CC141008BE526 /* Debug */ = {
			isa = XCBuildConfiguration;
			buildSettings = {
				ALWAYS_SEARCH_USER_PATHS = NO;
				CLANG_ANALYZER_NONNULL = YES;
				CLANG_ANALYZER_NUMBER_OBJECT_CONVERSION = YES_AGGRESSIVE;
				CLANG_CXX_LANGUAGE_STANDARD = "gnu++17";
				CLANG_ENABLE_MODULES = YES;
				CLANG_ENABLE_OBJC_ARC = YES;
				CLANG_ENABLE_OBJC_WEAK = YES;
				CLANG_WARN_BLOCK_CAPTURE_AUTORELEASING = YES;
				CLANG_WARN_BOOL_CONVERSION = YES;
				CLANG_WARN_COMMA = YES;
				CLANG_WARN_CONSTANT_CONVERSION = YES;
				CLANG_WARN_DEPRECATED_OBJC_IMPLEMENTATIONS = YES;
				CLANG_WARN_DIRECT_OBJC_ISA_USAGE = YES_ERROR;
				CLANG_WARN_DOCUMENTATION_COMMENTS = YES;
				CLANG_WARN_EMPTY_BODY = YES;
				CLANG_WARN_ENUM_CONVERSION = YES;
				CLANG_WARN_INFINITE_RECURSION = YES;
				CLANG_WARN_INT_CONVERSION = YES;
				CLANG_WARN_NON_LITERAL_NULL_CONVERSION = YES;
				CLANG_WARN_OBJC_IMPLICIT_RETAIN_SELF = YES;
				CLANG_WARN_OBJC_LITERAL_CONVERSION = YES;
				CLANG_WARN_OBJC_ROOT_CLASS = YES_ERROR;
				CLANG_WARN_QUOTED_INCLUDE_IN_FRAMEWORK_HEADER = YES;
				CLANG_WARN_RANGE_LOOP_ANALYSIS = YES;
				CLANG_WARN_STRICT_PROTOTYPES = YES;
				CLANG_WARN_SUSPICIOUS_MOVE = YES;
				CLANG_WARN_UNGUARDED_AVAILABILITY = YES_AGGRESSIVE;
				CLANG_WARN_UNREACHABLE_CODE = YES;
				CLANG_WARN__DUPLICATE_METHOD_MATCH = YES;
				COPY_PHASE_STRIP = NO;
				DEBUG_INFORMATION_FORMAT = dwarf;
				ENABLE_STRICT_OBJC_MSGSEND = YES;
				ENABLE_TESTABILITY = YES;
				GCC_C_LANGUAGE_STANDARD = gnu11;
				GCC_DYNAMIC_NO_PIC = NO;
				GCC_NO_COMMON_BLOCKS = YES;
				GCC_OPTIMIZATION_LEVEL = 0;
				GCC_PREPROCESSOR_DEFINITIONS = (
					"DEBUG=1",
					"$(inherited)",
				);
				GCC_WARN_64_TO_32_BIT_CONVERSION = YES;
				GCC_WARN_ABOUT_RETURN_TYPE = YES_ERROR;
				GCC_WARN_UNDECLARED_SELECTOR = YES;
				GCC_WARN_UNINITIALIZED_AUTOS = YES_AGGRESSIVE;
				GCC_WARN_UNUSED_FUNCTION = YES;
				GCC_WARN_UNUSED_VARIABLE = YES;
				IPHONEOS_DEPLOYMENT_TARGET = 15.5;
				MTL_ENABLE_DEBUG_INFO = INCLUDE_SOURCE;
				MTL_FAST_MATH = YES;
				ONLY_ACTIVE_ARCH = YES;
				SDKROOT = iphoneos;
				SWIFT_ACTIVE_COMPILATION_CONDITIONS = DEBUG;
				SWIFT_OPTIMIZATION_LEVEL = "-Onone";
			};
			name = Debug;
		};
		CE7073D2293CC141008BE526 /* Release */ = {
			isa = XCBuildConfiguration;
			buildSettings = {
				ALWAYS_SEARCH_USER_PATHS = NO;
				CLANG_ANALYZER_NONNULL = YES;
				CLANG_ANALYZER_NUMBER_OBJECT_CONVERSION = YES_AGGRESSIVE;
				CLANG_CXX_LANGUAGE_STANDARD = "gnu++17";
				CLANG_ENABLE_MODULES = YES;
				CLANG_ENABLE_OBJC_ARC = YES;
				CLANG_ENABLE_OBJC_WEAK = YES;
				CLANG_WARN_BLOCK_CAPTURE_AUTORELEASING = YES;
				CLANG_WARN_BOOL_CONVERSION = YES;
				CLANG_WARN_COMMA = YES;
				CLANG_WARN_CONSTANT_CONVERSION = YES;
				CLANG_WARN_DEPRECATED_OBJC_IMPLEMENTATIONS = YES;
				CLANG_WARN_DIRECT_OBJC_ISA_USAGE = YES_ERROR;
				CLANG_WARN_DOCUMENTATION_COMMENTS = YES;
				CLANG_WARN_EMPTY_BODY = YES;
				CLANG_WARN_ENUM_CONVERSION = YES;
				CLANG_WARN_INFINITE_RECURSION = YES;
				CLANG_WARN_INT_CONVERSION = YES;
				CLANG_WARN_NON_LITERAL_NULL_CONVERSION = YES;
				CLANG_WARN_OBJC_IMPLICIT_RETAIN_SELF = YES;
				CLANG_WARN_OBJC_LITERAL_CONVERSION = YES;
				CLANG_WARN_OBJC_ROOT_CLASS = YES_ERROR;
				CLANG_WARN_QUOTED_INCLUDE_IN_FRAMEWORK_HEADER = YES;
				CLANG_WARN_RANGE_LOOP_ANALYSIS = YES;
				CLANG_WARN_STRICT_PROTOTYPES = YES;
				CLANG_WARN_SUSPICIOUS_MOVE = YES;
				CLANG_WARN_UNGUARDED_AVAILABILITY = YES_AGGRESSIVE;
				CLANG_WARN_UNREACHABLE_CODE = YES;
				CLANG_WARN__DUPLICATE_METHOD_MATCH = YES;
				COPY_PHASE_STRIP = NO;
				DEBUG_INFORMATION_FORMAT = "dwarf-with-dsym";
				ENABLE_NS_ASSERTIONS = NO;
				ENABLE_STRICT_OBJC_MSGSEND = YES;
				GCC_C_LANGUAGE_STANDARD = gnu11;
				GCC_NO_COMMON_BLOCKS = YES;
				GCC_WARN_64_TO_32_BIT_CONVERSION = YES;
				GCC_WARN_ABOUT_RETURN_TYPE = YES_ERROR;
				GCC_WARN_UNDECLARED_SELECTOR = YES;
				GCC_WARN_UNINITIALIZED_AUTOS = YES_AGGRESSIVE;
				GCC_WARN_UNUSED_FUNCTION = YES;
				GCC_WARN_UNUSED_VARIABLE = YES;
				IPHONEOS_DEPLOYMENT_TARGET = 15.5;
				MTL_ENABLE_DEBUG_INFO = NO;
				MTL_FAST_MATH = YES;
				SDKROOT = iphoneos;
				SWIFT_COMPILATION_MODE = wholemodule;
				SWIFT_OPTIMIZATION_LEVEL = "-O";
				VALIDATE_PRODUCT = YES;
			};
			name = Release;
		};
		CE7073D4293CC141008BE526 /* Debug */ = {
			isa = XCBuildConfiguration;
			buildSettings = {
				ASSETCATALOG_COMPILER_APPICON_NAME = AppIcon;
				ASSETCATALOG_COMPILER_GLOBAL_ACCENT_COLOR_NAME = AccentColor;
				CODE_SIGN_STYLE = Automatic;
				CURRENT_PROJECT_VERSION = 1;
				DEVELOPMENT_ASSET_PATHS = "\"MoviesSwiftUITask/Preview Content\"";
				DEVELOPMENT_TEAM = 82ZSV47EVV;
				ENABLE_PREVIEWS = YES;
				GENERATE_INFOPLIST_FILE = YES;
				INFOPLIST_KEY_UIApplicationSceneManifest_Generation = YES;
				INFOPLIST_KEY_UIApplicationSupportsIndirectInputEvents = YES;
				INFOPLIST_KEY_UILaunchScreen_Generation = YES;
				INFOPLIST_KEY_UISupportedInterfaceOrientations_iPad = "UIInterfaceOrientationPortrait UIInterfaceOrientationPortraitUpsideDown UIInterfaceOrientationLandscapeLeft UIInterfaceOrientationLandscapeRight";
				INFOPLIST_KEY_UISupportedInterfaceOrientations_iPhone = "UIInterfaceOrientationPortrait UIInterfaceOrientationLandscapeLeft UIInterfaceOrientationLandscapeRight";
				LD_RUNPATH_SEARCH_PATHS = (
					"$(inherited)",
					"@executable_path/Frameworks",
				);
				MARKETING_VERSION = 1.0;
				PRODUCT_BUNDLE_IDENTIFIER = com.khwaja.MoviesSwiftUITask;
				PRODUCT_NAME = "$(TARGET_NAME)";
				SWIFT_EMIT_LOC_STRINGS = YES;
				SWIFT_VERSION = 5.0;
				TARGETED_DEVICE_FAMILY = "1,2";
			};
			name = Debug;
		};
		CE7073D5293CC141008BE526 /* Release */ = {
			isa = XCBuildConfiguration;
			buildSettings = {
				ASSETCATALOG_COMPILER_APPICON_NAME = AppIcon;
				ASSETCATALOG_COMPILER_GLOBAL_ACCENT_COLOR_NAME = AccentColor;
				CODE_SIGN_STYLE = Automatic;
				CURRENT_PROJECT_VERSION = 1;
				DEVELOPMENT_ASSET_PATHS = "\"MoviesSwiftUITask/Preview Content\"";
				DEVELOPMENT_TEAM = 82ZSV47EVV;
				ENABLE_PREVIEWS = YES;
				GENERATE_INFOPLIST_FILE = YES;
				INFOPLIST_KEY_UIApplicationSceneManifest_Generation = YES;
				INFOPLIST_KEY_UIApplicationSupportsIndirectInputEvents = YES;
				INFOPLIST_KEY_UILaunchScreen_Generation = YES;
				INFOPLIST_KEY_UISupportedInterfaceOrientations_iPad = "UIInterfaceOrientationPortrait UIInterfaceOrientationPortraitUpsideDown UIInterfaceOrientationLandscapeLeft UIInterfaceOrientationLandscapeRight";
				INFOPLIST_KEY_UISupportedInterfaceOrientations_iPhone = "UIInterfaceOrientationPortrait UIInterfaceOrientationLandscapeLeft UIInterfaceOrientationLandscapeRight";
				LD_RUNPATH_SEARCH_PATHS = (
					"$(inherited)",
					"@executable_path/Frameworks",
				);
				MARKETING_VERSION = 1.0;
				PRODUCT_BUNDLE_IDENTIFIER = com.khwaja.MoviesSwiftUITask;
				PRODUCT_NAME = "$(TARGET_NAME)";
				SWIFT_EMIT_LOC_STRINGS = YES;
				SWIFT_VERSION = 5.0;
				TARGETED_DEVICE_FAMILY = "1,2";
			};
			name = Release;
		};
/* End XCBuildConfiguration section */

/* Begin XCConfigurationList section */
		CE7073C0293CC13E008BE526 /* Build configuration list for PBXProject "MoviesSwiftUITask" */ = {
			isa = XCConfigurationList;
			buildConfigurations = (
				CE7073D1293CC141008BE526 /* Debug */,
				CE7073D2293CC141008BE526 /* Release */,
			);
			defaultConfigurationIsVisible = 0;
			defaultConfigurationName = Release;
		};
		CE7073D3293CC141008BE526 /* Build configuration list for PBXNativeTarget "MoviesSwiftUITask" */ = {
			isa = XCConfigurationList;
			buildConfigurations = (
				CE7073D4293CC141008BE526 /* Debug */,
				CE7073D5293CC141008BE526 /* Release */,
			);
			defaultConfigurationIsVisible = 0;
			defaultConfigurationName = Release;
		};
/* End XCConfigurationList section */

/* Begin XCRemoteSwiftPackageReference section */
		A480EC1C293DDC7800BBFADC /* XCRemoteSwiftPackageReference "SDWebImageSwiftUI" */ = {
			isa = XCRemoteSwiftPackageReference;
			repositoryURL = "https://github.com/SDWebImage/SDWebImageSwiftUI.git";
			requirement = {
				kind = upToNextMajorVersion;
				minimumVersion = 2.0.0;
			};
		};
		A480EC1F293DDCA800BBFADC /* XCRemoteSwiftPackageReference "Alamofire" */ = {
			isa = XCRemoteSwiftPackageReference;
			repositoryURL = "https://github.com/Alamofire/Alamofire.git";
			requirement = {
				kind = upToNextMajorVersion;
				minimumVersion = 5.0.0;
			};
		};
/* End XCRemoteSwiftPackageReference section */

/* Begin XCSwiftPackageProductDependency section */
		A480EC1D293DDC7800BBFADC /* SDWebImageSwiftUI */ = {
			isa = XCSwiftPackageProductDependency;
			package = A480EC1C293DDC7800BBFADC /* XCRemoteSwiftPackageReference "SDWebImageSwiftUI" */;
			productName = SDWebImageSwiftUI;
		};
		A480EC20293DDCA800BBFADC /* Alamofire */ = {
			isa = XCSwiftPackageProductDependency;
			package = A480EC1F293DDCA800BBFADC /* XCRemoteSwiftPackageReference "Alamofire" */;
			productName = Alamofire;
		};
/* End XCSwiftPackageProductDependency section */
	};
	rootObject = CE7073BD293CC13E008BE526 /* Project object */;
}
